
Microsoft Visual Studio Solution File, Format Version 12.00
Project("{FAE04EC0-301F-11D3-BF4B-00C04F79EFBC}") = "Faker.Core", "Faker.Core\Faker.Core.csproj", "{2CC5EE14-D2C4-4AB1-9C9C-E778600AD304}"
EndProject
Project("{FAE04EC0-301F-11D3-BF4B-00C04F79EFBC}") = "Faker.Tests", "Faker.Tests\Faker.Tests.csproj", "{3A776273-360C-4045-99E7-F58D2CB85615}"
EndProject
Project("{FAE04EC0-301F-11D3-BF4B-00C04F79EFBC}") = "Faker.Abstractions", "Faker.Abstractions\Faker.Abstractions.csproj", "{A61E6747-7F11-495D-869B-7F743648712B}"
EndProject
Global
	GlobalSection(SolutionConfigurationPlatforms) = preSolution
		Debug|Any CPU = Debug|Any CPU
		Release|Any CPU = Release|Any CPU
	EndGlobalSection
	GlobalSection(ProjectConfigurationPlatforms) = postSolution
		{2CC5EE14-D2C4-4AB1-9C9C-E778600AD304}.Debug|Any CPU.ActiveCfg = Debug|Any CPU
		{2CC5EE14-D2C4-4AB1-9C9C-E778600AD304}.Debug|Any CPU.Build.0 = Debug|Any CPU
		{2CC5EE14-D2C4-4AB1-9C9C-E778600AD304}.Release|Any CPU.ActiveCfg = Release|Any CPU
		{2CC5EE14-D2C4-4AB1-9C9C-E778600AD304}.Release|Any CPU.Build.0 = Release|Any CPU
		{3A776273-360C-4045-99E7-F58D2CB85615}.Debug|Any CPU.ActiveCfg = Debug|Any CPU
		{3A776273-360C-4045-99E7-F58D2CB85615}.Debug|Any CPU.Build.0 = Debug|Any CPU
		{3A776273-360C-4045-99E7-F58D2CB85615}.Release|Any CPU.ActiveCfg = Release|Any CPU
		{3A776273-360C-4045-99E7-F58D2CB85615}.Release|Any CPU.Build.0 = Release|Any CPU
		{A61E6747-7F11-495D-869B-7F743648712B}.Debug|Any CPU.ActiveCfg = Debug|Any CPU
		{A61E6747-7F11-495D-869B-7F743648712B}.Debug|Any CPU.Build.0 = Debug|Any CPU
		{A61E6747-7F11-495D-869B-7F743648712B}.Release|Any CPU.ActiveCfg = Release|Any CPU
		{A61E6747-7F11-495D-869B-7F743648712B}.Release|Any CPU.Build.0 = Release|Any CPU
	EndGlobalSection
EndGlobal
