
Microsoft Visual Studio Solution File, Format Version 12.00
Project("{FAE04EC0-301F-11D3-BF4B-00C04F79EFBC}") = "TI-3", "TI-3\TI-3.csproj", "{A644E5CF-343B-4B3C-A908-14D0D7D346F4}"
EndProject
Global
	GlobalSection(SolutionConfigurationPlatforms) = preSolution
		Debug|Any CPU = Debug|Any CPU
		Release|Any CPU = Release|Any CPU
	EndGlobalSection
	GlobalSection(ProjectConfigurationPlatforms) = postSolution
		{A644E5CF-343B-4B3C-A908-14D0D7D346F4}.Debug|Any CPU.ActiveCfg = Debug|Any CPU
		{A644E5CF-343B-4B3C-A908-14D0D7D346F4}.Debug|Any CPU.Build.0 = Debug|Any CPU
		{A644E5CF-343B-4B3C-A908-14D0D7D346F4}.Release|Any CPU.ActiveCfg = Release|Any CPU
		{A644E5CF-343B-4B3C-A908-14D0D7D346F4}.Release|Any CPU.Build.0 = Release|Any CPU
	EndGlobalSection
EndGlobal
