
Microsoft Visual Studio Solution File, Format Version 11.00
# Visual Studio 2010
Project("{FAE04EC0-301F-11D3-BF4B-00C04F79EFBC}") = "FinalizeDispose", "FinalizeDispose.csproj", "{DE59AE49-062F-404F-AA16-F8AD3D632C3D}"
EndProject
Global
	GlobalSection(SolutionConfigurationPlatforms) = preSolution
		Debug|x86 = Debug|x86
		Release|x86 = Release|x86
	EndGlobalSection
	GlobalSection(ProjectConfigurationPlatforms) = postSolution
		{DE59AE49-062F-404F-AA16-F8AD3D632C3D}.Debug|x86.ActiveCfg = Debug|x86
		{DE59AE49-062F-404F-AA16-F8AD3D632C3D}.Debug|x86.Build.0 = Debug|x86
		{DE59AE49-062F-404F-AA16-F8AD3D632C3D}.Release|x86.ActiveCfg = Release|x86
		{DE59AE49-062F-404F-AA16-F8AD3D632C3D}.Release|x86.Build.0 = Release|x86
	EndGlobalSection
	GlobalSection(SolutionProperties) = preSolution
		HideSolutionNode = FALSE
	EndGlobalSection
EndGlobal
